# This file is automatically @generated by Cargo.
# It is not intended for manual editing.
version = 4

[[package]]
name = "trit-core"
version = "0.1.0"

[[package]]
name = "tritium"
version = "0.1.0"
dependencies = [
 "trit-core",
]

[[package]]
name = "trust"
version = "0.1.0"
dependencies = [
 "tritium",
 "trustc",
]

[[package]]
name = "trust-lsp"
version = "0.1.0"
dependencies = [
 "trustc",
]

[[package]]
name = "trustc"
version = "0.1.0"
dependencies = [
 "trit-core",
 "tritium",
]
